
Microsoft Visual Studio Solution File, Format Version 12.00
# Visual Studio Version 17
VisualStudioVersion = 17.3.32929.385
MinimumVisualStudioVersion = 10.0.40219.1
Project("{FAE04EC0-301F-11D3-BF4B-00C04F79EFBC}") = "Torok_Erika_Tunde", "Torok_Erika_Tunde.csproj", "{DDE541D1-ABE4-405D-9C83-F4F9BACCDE2F}"
EndProject
Global
	GlobalSection(SolutionConfigurationPlatforms) = preSolution
		Debug|Any CPU = Debug|Any CPU
		Release|Any CPU = Release|Any CPU
	EndGlobalSection
	GlobalSection(ProjectConfigurationPlatforms) = postSolution
		{DDE541D1-ABE4-405D-9C83-F4F9BACCDE2F}.Debug|Any CPU.ActiveCfg = Debug|Any CPU
		{DDE541D1-ABE4-405D-9C83-F4F9BACCDE2F}.Debug|Any CPU.Build.0 = Debug|Any CPU
		{DDE541D1-ABE4-405D-9C83-F4F9BACCDE2F}.Release|Any CPU.ActiveCfg = Release|Any CPU
		{DDE541D1-ABE4-405D-9C83-F4F9BACCDE2F}.Release|Any CPU.Build.0 = Release|Any CPU
	EndGlobalSection
	GlobalSection(SolutionProperties) = preSolution
		HideSolutionNode = FALSE
	EndGlobalSection
	GlobalSection(ExtensibilityGlobals) = postSolution
		SolutionGuid = {518EC4C7-6D4A-4145-923B-65381D4F25F8}
	EndGlobalSection
EndGlobal
